// !$*UTF8*$!
{
	archiveVersion = 1;
	classes = {
	};
	objectVersion = 56;
	objects = {

/* Begin PBXBuildFile section */
		5356A9962C1FA1FB005415BE /* CaptureVideoDesiredValues.swift in Sources */ = {isa = PBXBuildFile; fileRef = 5356A9952C1FA1F9005415BE /* CaptureVideoDesiredValues.swift */; };
		5356A9982C1FA2B3005415BE /* DebugView.swift in Sources */ = {isa = PBXBuildFile; fileRef = 5356A9972C1FA2AE005415BE /* DebugView.swift */; };
		5390654E2AD3FC3500B0ACB7 /* AppDelegate.swift in Sources */ = {isa = PBXBuildFile; fileRef = 5390654D2AD3FC3500B0ACB7 /* AppDelegate.swift */; };
		539065502AD3FC3500B0ACB7 /* SceneDelegate.swift in Sources */ = {isa = PBXBuildFile; fileRef = 5390654F2AD3FC3500B0ACB7 /* SceneDelegate.swift */; };
		539065522AD3FC3500B0ACB7 /* CaptureVideoViewController.swift in Sources */ = {isa = PBXBuildFile; fileRef = 539065512AD3FC3500B0ACB7 /* CaptureVideoViewController.swift */; };
		539065552AD3FC3500B0ACB7 /* Main.storyboard in Resources */ = {isa = PBXBuildFile; fileRef = 539065532AD3FC3500B0ACB7 /* Main.storyboard */; };
		539065572AD3FC3700B0ACB7 /* Assets.xcassets in Resources */ = {isa = PBXBuildFile; fileRef = 539065562AD3FC3700B0ACB7 /* Assets.xcassets */; };
		5390655A2AD3FC3700B0ACB7 /* LaunchScreen.storyboard in Resources */ = {isa = PBXBuildFile; fileRef = 539065582AD3FC3700B0ACB7 /* LaunchScreen.storyboard */; };
		539065622AD4162600B0ACB7 /* PreviewView.swift in Sources */ = {isa = PBXBuildFile; fileRef = 539065612AD4162600B0ACB7 /* PreviewView.swift */; };
/* End PBXBuildFile section */

/* Begin PBXFileReference section */
		5356A9952C1FA1F9005415BE /* CaptureVideoDesiredValues.swift */ = {isa = PBXFileReference; lastKnownFileType = sourcecode.swift; path = CaptureVideoDesiredValues.swift; sourceTree = "<group>"; };
		5356A9972C1FA2AE005415BE /* DebugView.swift */ = {isa = PBXFileReference; lastKnownFileType = sourcecode.swift; path = DebugView.swift; sourceTree = "<group>"; };
		5390654A2AD3FC3400B0ACB7 /* CaptureVideo.app */ = {isa = PBXFileReference; explicitFileType = wrapper.application; includeInIndex = 0; path = CaptureVideo.app; sourceTree = BUILT_PRODUCTS_DIR; };
		5390654D2AD3FC3500B0ACB7 /* AppDelegate.swift */ = {isa = PBXFileReference; lastKnownFileType = sourcecode.swift; path = AppDelegate.swift; sourceTree = "<group>"; };
		5390654F2AD3FC3500B0ACB7 /* SceneDelegate.swift */ = {isa = PBXFileReference; lastKnownFileType = sourcecode.swift; path = SceneDelegate.swift; sourceTree = "<group>"; };
		539065512AD3FC3500B0ACB7 /* CaptureVideoViewController.swift */ = {isa = PBXFileReference; lastKnownFileType = sourcecode.swift; path = CaptureVideoViewController.swift; sourceTree = "<group>"; };
		539065542AD3FC3500B0ACB7 /* Base */ = {isa = PBXFileReference; lastKnownFileType = file.storyboard; name = Base; path = Base.lproj/Main.storyboard; sourceTree = "<group>"; };
		539065562AD3FC3700B0ACB7 /* Assets.xcassets */ = {isa = PBXFileReference; lastKnownFileType = folder.assetcatalog; path = Assets.xcassets; sourceTree = "<group>"; };
		539065592AD3FC3700B0ACB7 /* Base */ = {isa = PBXFileReference; lastKnownFileType = file.storyboard; name = Base; path = Base.lproj/LaunchScreen.storyboard; sourceTree = "<group>"; };
		5390655B2AD3FC3700B0ACB7 /* Info.plist */ = {isa = PBXFileReference; lastKnownFileType = text.plist.xml; path = Info.plist; sourceTree = "<group>"; };
		539065612AD4162600B0ACB7 /* PreviewView.swift */ = {isa = PBXFileReference; lastKnownFileType = sourcecode.swift; path = PreviewView.swift; sourceTree = "<group>"; };
/* End PBXFileReference section */

/* Begin PBXFrameworksBuildPhase section */
		539065472AD3FC3400B0ACB7 /* Frameworks */ = {
			isa = PBXFrameworksBuildPhase;
			buildActionMask = 2147483647;
			files = (
			);
			runOnlyForDeploymentPostprocessing = 0;
		};
/* End PBXFrameworksBuildPhase section */

/* Begin PBXGroup section */
		539065412AD3FC3400B0ACB7 = {
			isa = PBXGroup;
			children = (
				5390654C2AD3FC3400B0ACB7 /* CaptureVideo */,
				5390654B2AD3FC3400B0ACB7 /* Products */,
			);
			sourceTree = "<group>";
		};
		5390654B2AD3FC3400B0ACB7 /* Products */ = {
			isa = PBXGroup;
			children = (
				5390654A2AD3FC3400B0ACB7 /* CaptureVideo.app */,
			);
			name = Products;
			sourceTree = "<group>";
		};
		5390654C2AD3FC3400B0ACB7 /* CaptureVideo */ = {
			isa = PBXGroup;
			children = (
				5356A9972C1FA2AE005415BE /* DebugView.swift */,
				5356A9952C1FA1F9005415BE /* CaptureVideoDesiredValues.swift */,
				539065512AD3FC3500B0ACB7 /* CaptureVideoViewController.swift */,
				539065612AD4162600B0ACB7 /* PreviewView.swift */,
				53E1335E2AD42A7A000E907E /* SupportingFiles */,
			);
			path = CaptureVideo;
			sourceTree = "<group>";
		};
		53E1335E2AD42A7A000E907E /* SupportingFiles */ = {
			isa = PBXGroup;
			children = (
				5390654D2AD3FC3500B0ACB7 /* AppDelegate.swift */,
				5390654F2AD3FC3500B0ACB7 /* SceneDelegate.swift */,
				539065532AD3FC3500B0ACB7 /* Main.storyboard */,
				539065562AD3FC3700B0ACB7 /* Assets.xcassets */,
				539065582AD3FC3700B0ACB7 /* LaunchScreen.storyboard */,
				5390655B2AD3FC3700B0ACB7 /* Info.plist */,
			);
			path = SupportingFiles;
			sourceTree = "<group>";
		};
/* End PBXGroup section */

/* Begin PBXNativeTarget section */
		539065492AD3FC3400B0ACB7 /* CaptureVideo */ = {
			isa = PBXNativeTarget;
			buildConfigurationList = 5390655E2AD3FC3700B0ACB7 /* Build configuration list for PBXNativeTarget "CaptureVideo" */;
			buildPhases = (
				539065462AD3FC3400B0ACB7 /* Sources */,
				539065472AD3FC3400B0ACB7 /* Frameworks */,
				539065482AD3FC3400B0ACB7 /* Resources */,
			);
			buildRules = (
			);
			dependencies = (
			);
			name = CaptureVideo;
			productName = CaptureVideo;
			productReference = 5390654A2AD3FC3400B0ACB7 /* CaptureVideo.app */;
			productType = "com.apple.product-type.application";
		};
/* End PBXNativeTarget section */

/* Begin PBXProject section */
		539065422AD3FC3400B0ACB7 /* Project object */ = {
			isa = PBXProject;
			attributes = {
				BuildIndependentTargetsInParallel = 1;
				LastSwiftUpdateCheck = 1500;
				LastUpgradeCheck = 1500;
				TargetAttributes = {
					539065492AD3FC3400B0ACB7 = {
						CreatedOnToolsVersion = 15.0;
					};
				};
			};
			buildConfigurationList = 539065452AD3FC3400B0ACB7 /* Build configuration list for PBXProject "CaptureVideo" */;
			compatibilityVersion = "Xcode 14.0";
			developmentRegion = en;
			hasScannedForEncodings = 0;
			knownRegions = (
				en,
				Base,
			);
			mainGroup = 539065412AD3FC3400B0ACB7;
			productRefGroup = 5390654B2AD3FC3400B0ACB7 /* Products */;
			projectDirPath = "";
			projectRoot = "";
			targets = (
				539065492AD3FC3400B0ACB7 /* CaptureVideo */,
			);
		};
/* End PBXProject section */

/* Begin PBXResourcesBuildPhase section */
		539065482AD3FC3400B0ACB7 /* Resources */ = {
			isa = PBXResourcesBuildPhase;
			buildActionMask = 2147483647;
			files = (
				5390655A2AD3FC3700B0ACB7 /* LaunchScreen.storyboard in Resources */,
				539065572AD3FC3700B0ACB7 /* Assets.xcassets in Resources */,
				539065552AD3FC3500B0ACB7 /* Main.storyboard in Resources */,
			);
			runOnlyForDeploymentPostprocessing = 0;
		};
/* End PBXResourcesBuildPhase section */

/* Begin PBXSourcesBuildPhase section */
		539065462AD3FC3400B0ACB7 /* Sources */ = {
			isa = PBXSourcesBuildPhase;
			buildActionMask = 2147483647;
			files = (
				5356A9982C1FA2B3005415BE /* DebugView.swift in Sources */,
				5356A9962C1FA1FB005415BE /* CaptureVideoDesiredValues.swift in Sources */,
				539065522AD3FC3500B0ACB7 /* CaptureVideoViewController.swift in Sources */,
				539065622AD4162600B0ACB7 /* PreviewView.swift in Sources */,
				5390654E2AD3FC3500B0ACB7 /* AppDelegate.swift in Sources */,
				539065502AD3FC3500B0ACB7 /* SceneDelegate.swift in Sources */,
			);
			runOnlyForDeploymentPostprocessing = 0;
		};
/* End PBXSourcesBuildPhase section */

/* Begin PBXVariantGroup section */
		539065532AD3FC3500B0ACB7 /* Main.storyboard */ = {
			isa = PBXVariantGroup;
			children = (
				539065542AD3FC3500B0ACB7 /* Base */,
			);
			name = Main.storyboard;
			sourceTree = "<group>";
		};
		539065582AD3FC3700B0ACB7 /* LaunchScreen.storyboard */ = {
			isa = PBXVariantGroup;
			children = (
				539065592AD3FC3700B0ACB7 /* Base */,
			);
			name = LaunchScreen.storyboard;
			sourceTree = "<group>";
		};
/* End PBXVariantGroup section */

/* Begin XCBuildConfiguration section */
		5390655C2AD3FC3700B0ACB7 /* Debug */ = {
			isa = XCBuildConfiguration;
			buildSettings = {
				ALWAYS_SEARCH_USER_PATHS = NO;
				ASSETCATALOG_COMPILER_GENERATE_SWIFT_ASSET_SYMBOL_EXTENSIONS = YES;
				CLANG_ANALYZER_NONNULL = YES;
				CLANG_ANALYZER_NUMBER_OBJECT_CONVERSION = YES_AGGRESSIVE;
				CLANG_CXX_LANGUAGE_STANDARD = "gnu++20";
				CLANG_ENABLE_MODULES = YES;
				CLANG_ENABLE_OBJC_ARC = YES;
				CLANG_ENABLE_OBJC_WEAK = YES;
				CLANG_WARN_BLOCK_CAPTURE_AUTORELEASING = YES;
				CLANG_WARN_BOOL_CONVERSION = YES;
				CLANG_WARN_COMMA = YES;
				CLANG_WARN_CONSTANT_CONVERSION = YES;
				CLANG_WARN_DEPRECATED_OBJC_IMPLEMENTATIONS = YES;
				CLANG_WARN_DIRECT_OBJC_ISA_USAGE = YES_ERROR;
				CLANG_WARN_DOCUMENTATION_COMMENTS = YES;
				CLANG_WARN_EMPTY_BODY = YES;
				CLANG_WARN_ENUM_CONVERSION = YES;
				CLANG_WARN_INFINITE_RECURSION = YES;
				CLANG_WARN_INT_CONVERSION = YES;
				CLANG_WARN_NON_LITERAL_NULL_CONVERSION = YES;
				CLANG_WARN_OBJC_IMPLICIT_RETAIN_SELF = YES;
				CLANG_WARN_OBJC_LITERAL_CONVERSION = YES;
				CLANG_WARN_OBJC_ROOT_CLASS = YES_ERROR;
				CLANG_WARN_QUOTED_INCLUDE_IN_FRAMEWORK_HEADER = YES;
				CLANG_WARN_RANGE_LOOP_ANALYSIS = YES;
				CLANG_WARN_STRICT_PROTOTYPES = YES;
				CLANG_WARN_SUSPICIOUS_MOVE = YES;
				CLANG_WARN_UNGUARDED_AVAILABILITY = YES_AGGRESSIVE;
				CLANG_WARN_UNREACHABLE_CODE = YES;
				CLANG_WARN__DUPLICATE_METHOD_MATCH = YES;
				COPY_PHASE_STRIP = NO;
				DEBUG_INFORMATION_FORMAT = dwarf;
				ENABLE_STRICT_OBJC_MSGSEND = YES;
				ENABLE_TESTABILITY = YES;
				ENABLE_USER_SCRIPT_SANDBOXING = YES;
				GCC_C_LANGUAGE_STANDARD = gnu17;
				GCC_DYNAMIC_NO_PIC = NO;
				GCC_NO_COMMON_BLOCKS = YES;
				GCC_OPTIMIZATION_LEVEL = 0;
				GCC_PREPROCESSOR_DEFINITIONS = (
					"DEBUG=1",
					"$(inherited)",
				);
				GCC_WARN_64_TO_32_BIT_CONVERSION = YES;
				GCC_WARN_ABOUT_RETURN_TYPE = YES_ERROR;
				GCC_WARN_UNDECLARED_SELECTOR = YES;
				GCC_WARN_UNINITIALIZED_AUTOS = YES_AGGRESSIVE;
				GCC_WARN_UNUSED_FUNCTION = YES;
				GCC_WARN_UNUSED_VARIABLE = YES;
				IPHONEOS_DEPLOYMENT_TARGET = 16.0;
				LOCALIZATION_PREFERS_STRING_CATALOGS = YES;
				MTL_ENABLE_DEBUG_INFO = INCLUDE_SOURCE;
				MTL_FAST_MATH = YES;
				ONLY_ACTIVE_ARCH = YES;
				SDKROOT = iphoneos;
				SWIFT_ACTIVE_COMPILATION_CONDITIONS = "DEBUG $(inherited)";
				SWIFT_OPTIMIZATION_LEVEL = "-Onone";
			};
			name = Debug;
		};
		5390655D2AD3FC3700B0ACB7 /* Release */ = {
			isa = XCBuildConfiguration;
			buildSettings = {
				ALWAYS_SEARCH_USER_PATHS = NO;
				ASSETCATALOG_COMPILER_GENERATE_SWIFT_ASSET_SYMBOL_EXTENSIONS = YES;
				CLANG_ANALYZER_NONNULL = YES;
				CLANG_ANALYZER_NUMBER_OBJECT_CONVERSION = YES_AGGRESSIVE;
				CLANG_CXX_LANGUAGE_STANDARD = "gnu++20";
				CLANG_ENABLE_MODULES = YES;
				CLANG_ENABLE_OBJC_ARC = YES;
				CLANG_ENABLE_OBJC_WEAK = YES;
				CLANG_WARN_BLOCK_CAPTURE_AUTORELEASING = YES;
				CLANG_WARN_BOOL_CONVERSION = YES;
				CLANG_WARN_COMMA = YES;
				CLANG_WARN_CONSTANT_CONVERSION = YES;
				CLANG_WARN_DEPRECATED_OBJC_IMPLEMENTATIONS = YES;
				CLANG_WARN_DIRECT_OBJC_ISA_USAGE = YES_ERROR;
				CLANG_WARN_DOCUMENTATION_COMMENTS = YES;
				CLANG_WARN_EMPTY_BODY = YES;
				CLANG_WARN_ENUM_CONVERSION = YES;
				CLANG_WARN_INFINITE_RECURSION = YES;
				CLANG_WARN_INT_CONVERSION = YES;
				CLANG_WARN_NON_LITERAL_NULL_CONVERSION = YES;
				CLANG_WARN_OBJC_IMPLICIT_RETAIN_SELF = YES;
				CLANG_WARN_OBJC_LITERAL_CONVERSION = YES;
				CLANG_WARN_OBJC_ROOT_CLASS = YES_ERROR;
				CLANG_WARN_QUOTED_INCLUDE_IN_FRAMEWORK_HEADER = YES;
				CLANG_WARN_RANGE_LOOP_ANALYSIS = YES;
				CLANG_WARN_STRICT_PROTOTYPES = YES;
				CLANG_WARN_SUSPICIOUS_MOVE = YES;
				CLANG_WARN_UNGUARDED_AVAILABILITY = YES_AGGRESSIVE;
				CLANG_WARN_UNREACHABLE_CODE = YES;
				CLANG_WARN__DUPLICATE_METHOD_MATCH = YES;
				COPY_PHASE_STRIP = NO;
				DEBUG_INFORMATION_FORMAT = "dwarf-with-dsym";
				ENABLE_NS_ASSERTIONS = NO;
				ENABLE_STRICT_OBJC_MSGSEND = YES;
				ENABLE_USER_SCRIPT_SANDBOXING = YES;
				GCC_C_LANGUAGE_STANDARD = gnu17;
				GCC_NO_COMMON_BLOCKS = YES;
				GCC_WARN_64_TO_32_BIT_CONVERSION = YES;
				GCC_WARN_ABOUT_RETURN_TYPE = YES_ERROR;
				GCC_WARN_UNDECLARED_SELECTOR = YES;
				GCC_WARN_UNINITIALIZED_AUTOS = YES_AGGRESSIVE;
				GCC_WARN_UNUSED_FUNCTION = YES;
				GCC_WARN_UNUSED_VARIABLE = YES;
				IPHONEOS_DEPLOYMENT_TARGET = 16.0;
				LOCALIZATION_PREFERS_STRING_CATALOGS = YES;
				MTL_ENABLE_DEBUG_INFO = NO;
				MTL_FAST_MATH = YES;
				SDKROOT = iphoneos;
				SWIFT_COMPILATION_MODE = wholemodule;
				VALIDATE_PRODUCT = YES;
			};
			name = Release;
		};
		5390655F2AD3FC3700B0ACB7 /* Debug */ = {
			isa = XCBuildConfiguration;
			buildSettings = {
				ASSETCATALOG_COMPILER_APPICON_NAME = AppIcon;
				ASSETCATALOG_COMPILER_GLOBAL_ACCENT_COLOR_NAME = AccentColor;
				CODE_SIGN_STYLE = Automatic;
				CURRENT_PROJECT_VERSION = 1;
				DEVELOPMENT_TEAM = "";
				GENERATE_INFOPLIST_FILE = YES;
				INFOPLIST_FILE = CaptureVideo/SupportingFiles/Info.plist;
				INFOPLIST_KEY_NSCameraUsageDescription = "We will use your camera";
				INFOPLIST_KEY_UIApplicationSupportsIndirectInputEvents = YES;
				INFOPLIST_KEY_UILaunchStoryboardName = LaunchScreen;
				INFOPLIST_KEY_UIMainStoryboardFile = Main;
				INFOPLIST_KEY_UISupportedInterfaceOrientations_iPad = "UIInterfaceOrientationPortrait UIInterfaceOrientationPortraitUpsideDown UIInterfaceOrientationLandscapeLeft UIInterfaceOrientationLandscapeRight";
				INFOPLIST_KEY_UISupportedInterfaceOrientations_iPhone = "UIInterfaceOrientationPortrait UIInterfaceOrientationLandscapeLeft UIInterfaceOrientationLandscapeRight";
				IPHONEOS_DEPLOYMENT_TARGET = 16.0;
				LD_RUNPATH_SEARCH_PATHS = (
					"$(inherited)",
					"@executable_path/Frameworks",
				);
				MARKETING_VERSION = 1.0;
				PRODUCT_BUNDLE_IDENTIFIER = com.example.CaptureVideo;
				PRODUCT_NAME = "$(TARGET_NAME)";
				SWIFT_EMIT_LOC_STRINGS = YES;
				SWIFT_VERSION = 5.0;
				TARGETED_DEVICE_FAMILY = "1,2";
			};
			name = Debug;
		};
		539065602AD3FC3700B0ACB7 /* Release */ = {
			isa = XCBuildConfiguration;
			buildSettings = {
				ASSETCATALOG_COMPILER_APPICON_NAME = AppIcon;
				ASSETCATALOG_COMPILER_GLOBAL_ACCENT_COLOR_NAME = AccentColor;
				CODE_SIGN_STYLE = Automatic;
				CURRENT_PROJECT_VERSION = 1;
				DEVELOPMENT_TEAM = "";
				GENERATE_INFOPLIST_FILE = YES;
				INFOPLIST_FILE = CaptureVideo/SupportingFiles/Info.plist;
				INFOPLIST_KEY_NSCameraUsageDescription = "We will use your camera";
				INFOPLIST_KEY_UIApplicationSupportsIndirectInputEvents = YES;
				INFOPLIST_KEY_UILaunchStoryboardName = LaunchScreen;
				INFOPLIST_KEY_UIMainStoryboardFile = Main;
				INFOPLIST_KEY_UISupportedInterfaceOrientations_iPad = "UIInterfaceOrientationPortrait UIInterfaceOrientationPortraitUpsideDown UIInterfaceOrientationLandscapeLeft UIInterfaceOrientationLandscapeRight";
				INFOPLIST_KEY_UISupportedInterfaceOrientations_iPhone = "UIInterfaceOrientationPortrait UIInterfaceOrientationLandscapeLeft UIInterfaceOrientationLandscapeRight";
				IPHONEOS_DEPLOYMENT_TARGET = 16.0;
				LD_RUNPATH_SEARCH_PATHS = (
					"$(inherited)",
					"@executable_path/Frameworks",
				);
				MARKETING_VERSION = 1.0;
				PRODUCT_BUNDLE_IDENTIFIER = com.example.CaptureVideo;
				PRODUCT_NAME = "$(TARGET_NAME)";
				SWIFT_EMIT_LOC_STRINGS = YES;
				SWIFT_VERSION = 5.0;
				TARGETED_DEVICE_FAMILY = "1,2";
			};
			name = Release;
		};
/* End XCBuildConfiguration section */

/* Begin XCConfigurationList section */
		539065452AD3FC3400B0ACB7 /* Build configuration list for PBXProject "CaptureVideo" */ = {
			isa = XCConfigurationList;
			buildConfigurations = (
				5390655C2AD3FC3700B0ACB7 /* Debug */,
				5390655D2AD3FC3700B0ACB7 /* Release */,
			);
			defaultConfigurationIsVisible = 0;
			defaultConfigurationName = Release;
		};
		5390655E2AD3FC3700B0ACB7 /* Build configuration list for PBXNativeTarget "CaptureVideo" */ = {
			isa = XCConfigurationList;
			buildConfigurations = (
				5390655F2AD3FC3700B0ACB7 /* Debug */,
				539065602AD3FC3700B0ACB7 /* Release */,
			);
			defaultConfigurationIsVisible = 0;
			defaultConfigurationName = Release;
		};
/* End XCConfigurationList section */
	};
	rootObject = 539065422AD3FC3400B0ACB7 /* Project object */;
}
